// !$*UTF8*$!
{
	archiveVersion = 1;
	classes = {
	};
	objectVersion = 50;
	objects = {

/* Begin PBXBuildFile section */
		72B3DEA922E52C8C0012A92D /* AppDelegate.swift in Sources */ = {isa = PBXBuildFile; fileRef = 72B3DEA822E52C8C0012A92D /* AppDelegate.swift */; };
		72B3DEAB22E52C8C0012A92D /* art.scnassets in Resources */ = {isa = PBXBuildFile; fileRef = 72B3DEAA22E52C8C0012A92D /* art.scnassets */; };
		72B3DEAD22E52C8C0012A92D /* ViewController.swift in Sources */ = {isa = PBXBuildFile; fileRef = 72B3DEAC22E52C8C0012A92D /* ViewController.swift */; };
		72B3DEB022E52C8C0012A92D /* Main.storyboard in Resources */ = {isa = PBXBuildFile; fileRef = 72B3DEAE22E52C8C0012A92D /* Main.storyboard */; };
		72B3DEB222E52C8E0012A92D /* Assets.xcassets in Resources */ = {isa = PBXBuildFile; fileRef = 72B3DEB122E52C8E0012A92D /* Assets.xcassets */; };
		72B3DEB522E52C8E0012A92D /* LaunchScreen.storyboard in Resources */ = {isa = PBXBuildFile; fileRef = 72B3DEB322E52C8E0012A92D /* LaunchScreen.storyboard */; };
		72B3DEC122E52D0D0012A92D /* harrypotter.mp4 in Resources */ = {isa = PBXBuildFile; fileRef = 72B3DEC022E52D0D0012A92D /* harrypotter.mp4 */; };
/* End PBXBuildFile section */

/* Begin PBXFileReference section */
		72B3DEA522E52C8C0012A92D /* MagicPaper.app */ = {isa = PBXFileReference; explicitFileType = wrapper.application; includeInIndex = 0; path = MagicPaper.app; sourceTree = BUILT_PRODUCTS_DIR; };
		72B3DEA822E52C8C0012A92D /* AppDelegate.swift */ = {isa = PBXFileReference; lastKnownFileType = sourcecode.swift; path = AppDelegate.swift; sourceTree = "<group>"; };
		72B3DEAA22E52C8C0012A92D /* art.scnassets */ = {isa = PBXFileReference; lastKnownFileType = wrapper.scnassets; path = art.scnassets; sourceTree = "<group>"; };
		72B3DEAC22E52C8C0012A92D /* ViewController.swift */ = {isa = PBXFileReference; lastKnownFileType = sourcecode.swift; path = ViewController.swift; sourceTree = "<group>"; };
		72B3DEAF22E52C8C0012A92D /* Base */ = {isa = PBXFileReference; lastKnownFileType = file.storyboard; name = Base; path = Base.lproj/Main.storyboard; sourceTree = "<group>"; };
		72B3DEB122E52C8E0012A92D /* Assets.xcassets */ = {isa = PBXFileReference; lastKnownFileType = folder.assetcatalog; path = Assets.xcassets; sourceTree = "<group>"; };
		72B3DEB422E52C8E0012A92D /* Base */ = {isa = PBXFileReference; lastKnownFileType = file.storyboard; name = Base; path = Base.lproj/LaunchScreen.storyboard; sourceTree = "<group>"; };
		72B3DEB622E52C8E0012A92D /* Info.plist */ = {isa = PBXFileReference; lastKnownFileType = text.plist.xml; path = Info.plist; sourceTree = "<group>"; };
		72B3DEC022E52D0D0012A92D /* harrypotter.mp4 */ = {isa = PBXFileReference; lastKnownFileType = file; path = harrypotter.mp4; sourceTree = "<group>"; };
/* End PBXFileReference section */

/* Begin PBXFrameworksBuildPhase section */
		72B3DEA222E52C8C0012A92D /* Frameworks */ = {
			isa = PBXFrameworksBuildPhase;
			buildActionMask = 2147483647;
			files = (
			);
			runOnlyForDeploymentPostprocessing = 0;
		};
/* End PBXFrameworksBuildPhase section */

/* Begin PBXGroup section */
		72B3DE9C22E52C8C0012A92D = {
			isa = PBXGroup;
			children = (
				72B3DEA722E52C8C0012A92D /* MagicPaper */,
				72B3DEA622E52C8C0012A92D /* Products */,
			);
			sourceTree = "<group>";
		};
		72B3DEA622E52C8C0012A92D /* Products */ = {
			isa = PBXGroup;
			children = (
				72B3DEA522E52C8C0012A92D /* MagicPaper.app */,
			);
			name = Products;
			sourceTree = "<group>";
		};
		72B3DEA722E52C8C0012A92D /* MagicPaper */ = {
			isa = PBXGroup;
			children = (
				72B3DEC022E52D0D0012A92D /* harrypotter.mp4 */,
				72B3DEBE22E52CA30012A92D /* Controller */,
				72B3DEBC22E52C980012A92D /* Model */,
				72B3DEBF22E52CA80012A92D /* Supporting Files */,
				72B3DEBD22E52C9F0012A92D /* View */,
			);
			path = MagicPaper;
			sourceTree = "<group>";
		};
		72B3DEBC22E52C980012A92D /* Model */ = {
			isa = PBXGroup;
			children = (
			);
			path = Model;
			sourceTree = "<group>";
		};
		72B3DEBD22E52C9F0012A92D /* View */ = {
			isa = PBXGroup;
			children = (
				72B3DEAA22E52C8C0012A92D /* art.scnassets */,
				72B3DEAE22E52C8C0012A92D /* Main.storyboard */,
				72B3DEB122E52C8E0012A92D /* Assets.xcassets */,
				72B3DEB322E52C8E0012A92D /* LaunchScreen.storyboard */,
			);
			path = View;
			sourceTree = "<group>";
		};
		72B3DEBE22E52CA30012A92D /* Controller */ = {
			isa = PBXGroup;
			children = (
				72B3DEA822E52C8C0012A92D /* AppDelegate.swift */,
				72B3DEAC22E52C8C0012A92D /* ViewController.swift */,
			);
			path = Controller;
			sourceTree = "<group>";
		};
		72B3DEBF22E52CA80012A92D /* Supporting Files */ = {
			isa = PBXGroup;
			children = (
				72B3DEB622E52C8E0012A92D /* Info.plist */,
			);
			path = "Supporting Files";
			sourceTree = "<group>";
		};
/* End PBXGroup section */

/* Begin PBXNativeTarget section */
		72B3DEA422E52C8C0012A92D /* MagicPaper */ = {
			isa = PBXNativeTarget;
			buildConfigurationList = 72B3DEB922E52C8E0012A92D /* Build configuration list for PBXNativeTarget "MagicPaper" */;
			buildPhases = (
				72B3DEA122E52C8C0012A92D /* Sources */,
				72B3DEA222E52C8C0012A92D /* Frameworks */,
				72B3DEA322E52C8C0012A92D /* Resources */,
			);
			buildRules = (
			);
			dependencies = (
			);
			name = MagicPaper;
			productName = MagicPaper;
			productReference = 72B3DEA522E52C8C0012A92D /* MagicPaper.app */;
			productType = "com.apple.product-type.application";
		};
/* End PBXNativeTarget section */

/* Begin PBXProject section */
		72B3DE9D22E52C8C0012A92D /* Project object */ = {
			isa = PBXProject;
			attributes = {
				LastSwiftUpdateCheck = 1020;
				LastUpgradeCheck = 1020;
				ORGANIZATIONNAME = "Philip Yu";
				TargetAttributes = {
					72B3DEA422E52C8C0012A92D = {
						CreatedOnToolsVersion = 10.2.1;
					};
				};
			};
			buildConfigurationList = 72B3DEA022E52C8C0012A92D /* Build configuration list for PBXProject "MagicPaper" */;
			compatibilityVersion = "Xcode 9.3";
			developmentRegion = en;
			hasScannedForEncodings = 0;
			knownRegions = (
				en,
				Base,
			);
			mainGroup = 72B3DE9C22E52C8C0012A92D;
			productRefGroup = 72B3DEA622E52C8C0012A92D /* Products */;
			projectDirPath = "";
			projectRoot = "";
			targets = (
				72B3DEA422E52C8C0012A92D /* MagicPaper */,
			);
		};
/* End PBXProject section */

/* Begin PBXResourcesBuildPhase section */
		72B3DEA322E52C8C0012A92D /* Resources */ = {
			isa = PBXResourcesBuildPhase;
			buildActionMask = 2147483647;
			files = (
				72B3DEAB22E52C8C0012A92D /* art.scnassets in Resources */,
				72B3DEB522E52C8E0012A92D /* LaunchScreen.storyboard in Resources */,
				72B3DEC122E52D0D0012A92D /* harrypotter.mp4 in Resources */,
				72B3DEB222E52C8E0012A92D /* Assets.xcassets in Resources */,
				72B3DEB022E52C8C0012A92D /* Main.storyboard in Resources */,
			);
			runOnlyForDeploymentPostprocessing = 0;
		};
/* End PBXResourcesBuildPhase section */

/* Begin PBXSourcesBuildPhase section */
		72B3DEA122E52C8C0012A92D /* Sources */ = {
			isa = PBXSourcesBuildPhase;
			buildActionMask = 2147483647;
			files = (
				72B3DEAD22E52C8C0012A92D /* ViewController.swift in Sources */,
				72B3DEA922E52C8C0012A92D /* AppDelegate.swift in Sources */,
			);
			runOnlyForDeploymentPostprocessing = 0;
		};
/* End PBXSourcesBuildPhase section */

/* Begin PBXVariantGroup section */
		72B3DEAE22E52C8C0012A92D /* Main.storyboard */ = {
			isa = PBXVariantGroup;
			children = (
				72B3DEAF22E52C8C0012A92D /* Base */,
			);
			name = Main.storyboard;
			sourceTree = "<group>";
		};
		72B3DEB322E52C8E0012A92D /* LaunchScreen.storyboard */ = {
			isa = PBXVariantGroup;
			children = (
				72B3DEB422E52C8E0012A92D /* Base */,
			);
			name = LaunchScreen.storyboard;
			sourceTree = "<group>";
		};
/* End PBXVariantGroup section */

/* Begin XCBuildConfiguration section */
		72B3DEB722E52C8E0012A92D /* Debug */ = {
			isa = XCBuildConfiguration;
			buildSettings = {
				ALWAYS_SEARCH_USER_PATHS = NO;
				CLANG_ANALYZER_NONNULL = YES;
				CLANG_ANALYZER_NUMBER_OBJECT_CONVERSION = YES_AGGRESSIVE;
				CLANG_CXX_LANGUAGE_STANDARD = "gnu++14";
				CLANG_CXX_LIBRARY = "libc++";
				CLANG_ENABLE_MODULES = YES;
				CLANG_ENABLE_OBJC_ARC = YES;
				CLANG_ENABLE_OBJC_WEAK = YES;
				CLANG_WARN_BLOCK_CAPTURE_AUTORELEASING = YES;
				CLANG_WARN_BOOL_CONVERSION = YES;
				CLANG_WARN_COMMA = YES;
				CLANG_WARN_CONSTANT_CONVERSION = YES;
				CLANG_WARN_DEPRECATED_OBJC_IMPLEMENTATIONS = YES;
				CLANG_WARN_DIRECT_OBJC_ISA_USAGE = YES_ERROR;
				CLANG_WARN_DOCUMENTATION_COMMENTS = YES;
				CLANG_WARN_EMPTY_BODY = YES;
				CLANG_WARN_ENUM_CONVERSION = YES;
				CLANG_WARN_INFINITE_RECURSION = YES;
				CLANG_WARN_INT_CONVERSION = YES;
				CLANG_WARN_NON_LITERAL_NULL_CONVERSION = YES;
				CLANG_WARN_OBJC_IMPLICIT_RETAIN_SELF = YES;
				CLANG_WARN_OBJC_LITERAL_CONVERSION = YES;
				CLANG_WARN_OBJC_ROOT_CLASS = YES_ERROR;
				CLANG_WARN_RANGE_LOOP_ANALYSIS = YES;
				CLANG_WARN_STRICT_PROTOTYPES = YES;
				CLANG_WARN_SUSPICIOUS_MOVE = YES;
				CLANG_WARN_UNGUARDED_AVAILABILITY = YES_AGGRESSIVE;
				CLANG_WARN_UNREACHABLE_CODE = YES;
				CLANG_WARN__DUPLICATE_METHOD_MATCH = YES;
				CODE_SIGN_IDENTITY = "iPhone Developer";
				COPY_PHASE_STRIP = NO;
				DEBUG_INFORMATION_FORMAT = dwarf;
				ENABLE_STRICT_OBJC_MSGSEND = YES;
				ENABLE_TESTABILITY = YES;
				GCC_C_LANGUAGE_STANDARD = gnu11;
				GCC_DYNAMIC_NO_PIC = NO;
				GCC_NO_COMMON_BLOCKS = YES;
				GCC_OPTIMIZATION_LEVEL = 0;
				GCC_PREPROCESSOR_DEFINITIONS = (
					"DEBUG=1",
					"$(inherited)",
				);
				GCC_WARN_64_TO_32_BIT_CONVERSION = YES;
				GCC_WARN_ABOUT_RETURN_TYPE = YES_ERROR;
				GCC_WARN_UNDECLARED_SELECTOR = YES;
				GCC_WARN_UNINITIALIZED_AUTOS = YES_AGGRESSIVE;
				GCC_WARN_UNUSED_FUNCTION = YES;
				GCC_WARN_UNUSED_VARIABLE = YES;
				IPHONEOS_DEPLOYMENT_TARGET = 12.2;
				MTL_ENABLE_DEBUG_INFO = INCLUDE_SOURCE;
				MTL_FAST_MATH = YES;
				ONLY_ACTIVE_ARCH = YES;
				SDKROOT = iphoneos;
				SWIFT_ACTIVE_COMPILATION_CONDITIONS = DEBUG;
				SWIFT_OPTIMIZATION_LEVEL = "-Onone";
			};
			name = Debug;
		};
		72B3DEB822E52C8E0012A92D /* Release */ = {
			isa = XCBuildConfiguration;
			buildSettings = {
				ALWAYS_SEARCH_USER_PATHS = NO;
				CLANG_ANALYZER_NONNULL = YES;
				CLANG_ANALYZER_NUMBER_OBJECT_CONVERSION = YES_AGGRESSIVE;
				CLANG_CXX_LANGUAGE_STANDARD = "gnu++14";
				CLANG_CXX_LIBRARY = "libc++";
				CLANG_ENABLE_MODULES = YES;
				CLANG_ENABLE_OBJC_ARC = YES;
				CLANG_ENABLE_OBJC_WEAK = YES;
				CLANG_WARN_BLOCK_CAPTURE_AUTORELEASING = YES;
				CLANG_WARN_BOOL_CONVERSION = YES;
				CLANG_WARN_COMMA = YES;
				CLANG_WARN_CONSTANT_CONVERSION = YES;
				CLANG_WARN_DEPRECATED_OBJC_IMPLEMENTATIONS = YES;
				CLANG_WARN_DIRECT_OBJC_ISA_USAGE = YES_ERROR;
				CLANG_WARN_DOCUMENTATION_COMMENTS = YES;
				CLANG_WARN_EMPTY_BODY = YES;
				CLANG_WARN_ENUM_CONVERSION = YES;
				CLANG_WARN_INFINITE_RECURSION = YES;
				CLANG_WARN_INT_CONVERSION = YES;
				CLANG_WARN_NON_LITERAL_NULL_CONVERSION = YES;
				CLANG_WARN_OBJC_IMPLICIT_RETAIN_SELF = YES;
				CLANG_WARN_OBJC_LITERAL_CONVERSION = YES;
				CLANG_WARN_OBJC_ROOT_CLASS = YES_ERROR;
				CLANG_WARN_RANGE_LOOP_ANALYSIS = YES;
				CLANG_WARN_STRICT_PROTOTYPES = YES;
				CLANG_WARN_SUSPICIOUS_MOVE = YES;
				CLANG_WARN_UNGUARDED_AVAILABILITY = YES_AGGRESSIVE;
				CLANG_WARN_UNREACHABLE_CODE = YES;
				CLANG_WARN__DUPLICATE_METHOD_MATCH = YES;
				CODE_SIGN_IDENTITY = "iPhone Developer";
				COPY_PHASE_STRIP = NO;
				DEBUG_INFORMATION_FORMAT = "dwarf-with-dsym";
				ENABLE_NS_ASSERTIONS = NO;
				ENABLE_STRICT_OBJC_MSGSEND = YES;
				GCC_C_LANGUAGE_STANDARD = gnu11;
				GCC_NO_COMMON_BLOCKS = YES;
				GCC_WARN_64_TO_32_BIT_CONVERSION = YES;
				GCC_WARN_ABOUT_RETURN_TYPE = YES_ERROR;
				GCC_WARN_UNDECLARED_SELECTOR = YES;
				GCC_WARN_UNINITIALIZED_AUTOS = YES_AGGRESSIVE;
				GCC_WARN_UNUSED_FUNCTION = YES;
				GCC_WARN_UNUSED_VARIABLE = YES;
				IPHONEOS_DEPLOYMENT_TARGET = 12.2;
				MTL_ENABLE_DEBUG_INFO = NO;
				MTL_FAST_MATH = YES;
				SDKROOT = iphoneos;
				SWIFT_COMPILATION_MODE = wholemodule;
				SWIFT_OPTIMIZATION_LEVEL = "-O";
				VALIDATE_PRODUCT = YES;
			};
			name = Release;
		};
		72B3DEBA22E52C8E0012A92D /* Debug */ = {
			isa = XCBuildConfiguration;
			buildSettings = {
				ASSETCATALOG_COMPILER_APPICON_NAME = AppIcon;
				CODE_SIGN_STYLE = Automatic;
				DEVELOPMENT_TEAM = 8E7FB8SA95;
				INFOPLIST_FILE = "$(SRCROOT)/MagicPaper/Supporting Files/Info.plist";
				LD_RUNPATH_SEARCH_PATHS = (
					"$(inherited)",
					"@executable_path/Frameworks",
				);
				PRODUCT_BUNDLE_IDENTIFIER = com.yuphilip.MagicPaper;
				PRODUCT_NAME = "$(TARGET_NAME)";
				SWIFT_VERSION = 5.0;
				TARGETED_DEVICE_FAMILY = "1,2";
			};
			name = Debug;
		};
		72B3DEBB22E52C8E0012A92D /* Release */ = {
			isa = XCBuildConfiguration;
			buildSettings = {
				ASSETCATALOG_COMPILER_APPICON_NAME = AppIcon;
				CODE_SIGN_STYLE = Automatic;
				DEVELOPMENT_TEAM = 8E7FB8SA95;
				INFOPLIST_FILE = "$(SRCROOT)/MagicPaper/Supporting Files/Info.plist";
				LD_RUNPATH_SEARCH_PATHS = (
					"$(inherited)",
					"@executable_path/Frameworks",
				);
				PRODUCT_BUNDLE_IDENTIFIER = com.yuphilip.MagicPaper;
				PRODUCT_NAME = "$(TARGET_NAME)";
				SWIFT_VERSION = 5.0;
				TARGETED_DEVICE_FAMILY = "1,2";
			};
			name = Release;
		};
/* End XCBuildConfiguration section */

/* Begin XCConfigurationList section */
		72B3DEA022E52C8C0012A92D /* Build configuration list for PBXProject "MagicPaper" */ = {
			isa = XCConfigurationList;
			buildConfigurations = (
				72B3DEB722E52C8E0012A92D /* Debug */,
				72B3DEB822E52C8E0012A92D /* Release */,
			);
			defaultConfigurationIsVisible = 0;
			defaultConfigurationName = Release;
		};
		72B3DEB922E52C8E0012A92D /* Build configuration list for PBXNativeTarget "MagicPaper" */ = {
			isa = XCConfigurationList;
			buildConfigurations = (
				72B3DEBA22E52C8E0012A92D /* Debug */,
				72B3DEBB22E52C8E0012A92D /* Release */,
			);
			defaultConfigurationIsVisible = 0;
			defaultConfigurationName = Release;
		};
/* End XCConfigurationList section */
	};
	rootObject = 72B3DE9D22E52C8C0012A92D /* Project object */;
}
